
Microsoft Visual Studio Solution File, Format Version 12.00
# Visual Studio Version 16
VisualStudioVersion = 16.0.31410.357
MinimumVisualStudioVersion = 10.0.40219.1
Project("{FAE04EC0-301F-11D3-BF4B-00C04F79EFBC}") = "TesteFrontCaio", "TesteFrontCaio\TesteFrontCaio.csproj", "{A5C2C20B-C5A7-45AC-93C7-DE37849A835D}"
EndProject
Global
	GlobalSection(SolutionConfigurationPlatforms) = preSolution
		Debug|Any CPU = Debug|Any CPU
		Release|Any CPU = Release|Any CPU
	EndGlobalSection
	GlobalSection(ProjectConfigurationPlatforms) = postSolution
		{A5C2C20B-C5A7-45AC-93C7-DE37849A835D}.Debug|Any CPU.ActiveCfg = Debug|Any CPU
		{A5C2C20B-C5A7-45AC-93C7-DE37849A835D}.Debug|Any CPU.Build.0 = Debug|Any CPU
		{A5C2C20B-C5A7-45AC-93C7-DE37849A835D}.Release|Any CPU.ActiveCfg = Release|Any CPU
		{A5C2C20B-C5A7-45AC-93C7-DE37849A835D}.Release|Any CPU.Build.0 = Release|Any CPU
	EndGlobalSection
	GlobalSection(SolutionProperties) = preSolution
		HideSolutionNode = FALSE
	EndGlobalSection
	GlobalSection(ExtensibilityGlobals) = postSolution
		SolutionGuid = {2F28199B-1B79-42B7-B817-B179F0D6509F}
	EndGlobalSection
EndGlobal
